Microsoft Visual Studio Solution File, Format Version 12.00
# Visual Studio Version 17
VisualStudioVersion = 17.5.2.0
MinimumVisualStudioVersion = 10.0.40219.1
Project("{FAE04EC0-301F-11D3-BF4B-00C04F79EFBC}") = "Group5Flight", "Group5Flight.csproj", "{10BC05B4-7883-6ADF-7724-6DB969BDA5FF}"
EndProject
Global
	GlobalSection(SolutionConfigurationPlatforms) = preSolution
		Debug|Any CPU = Debug|Any CPU
		Release|Any CPU = Release|Any CPU
	EndGlobalSection
	GlobalSection(ProjectConfigurationPlatforms) = postSolution
		{10BC05B4-7883-6ADF-7724-6DB969BDA5FF}.Debug|Any CPU.ActiveCfg = Debug|Any CPU
		{10BC05B4-7883-6ADF-7724-6DB969BDA5FF}.Debug|Any CPU.Build.0 = Debug|Any CPU
		{10BC05B4-7883-6ADF-7724-6DB969BDA5FF}.Release|Any CPU.ActiveCfg = Release|Any CPU
		{10BC05B4-7883-6ADF-7724-6DB969BDA5FF}.Release|Any CPU.Build.0 = Release|Any CPU
	EndGlobalSection
	GlobalSection(SolutionProperties) = preSolution
		HideSolutionNode = FALSE
	EndGlobalSection
	GlobalSection(ExtensibilityGlobals) = postSolution
		SolutionGuid = {22148FD9-0212-443B-8BA0-F62BF6BF90BE}
	EndGlobalSection
EndGlobal
